
Microsoft Visual Studio Solution File, Format Version 12.00
# Visual Studio Version 17
VisualStudioVersion = 17.0.31612.314
MinimumVisualStudioVersion = 10.0.40219.1
Project("{9A19103F-16F7-4668-BE54-9A1E7A4F7556}") = "iasMSTest", "iasMSTest\iasMSTest.csproj", "{1D9253DF-6611-4E43-87CD-4C83E0B64C59}"
EndProject
Project("{9A19103F-16F7-4668-BE54-9A1E7A4F7556}") = "iasNUnitTest", "iasNUnitTest\iasNUnitTest.csproj", "{6EF466EC-E014-44D9-B110-3903F25427DF}"
EndProject
Project("{9A19103F-16F7-4668-BE54-9A1E7A4F7556}") = "testCourse", "testCourse\testCourse.csproj", "{EBF485DC-C522-422F-8A62-A2264001FA4E}"
EndProject
Project("{2150E333-8FDC-42A3-9474-1A3956D46DE8}") = "BasicFoundation", "BasicFoundation", "{FD23A065-E982-4020-BB02-14A7CF20B399}"
EndProject
Project("{2150E333-8FDC-42A3-9474-1A3956D46DE8}") = "BongoWeb", "BongoWeb", "{42DB5480-6B64-4F3B-96C3-095647F2A103}"
EndProject
Project("{9A19103F-16F7-4668-BE54-9A1E7A4F7556}") = "Bongo.Core", "Bongo_InitialSetup (.NET 6)\Bongo.Core\Bongo.Core.csproj", "{3AF8E98D-802D-47B4-9077-CF563AF69149}"
EndProject
Project("{9A19103F-16F7-4668-BE54-9A1E7A4F7556}") = "Bongo.DataAccess", "Bongo_InitialSetup (.NET 6)\Bongo.DataAccess\Bongo.DataAccess.csproj", "{AA33225D-3BF3-4884-B35F-F2BFE4EB53D4}"
EndProject
Project("{9A19103F-16F7-4668-BE54-9A1E7A4F7556}") = "Bongo.Models", "Bongo_InitialSetup (.NET 6)\Bongo.Models\Bongo.Models.csproj", "{9A8B00FB-53F4-436F-AC56-329F16E8299B}"
EndProject
Project("{9A19103F-16F7-4668-BE54-9A1E7A4F7556}") = "Bongo.Web", "Bongo_InitialSetup (.NET 6)\Bongo.Web\Bongo.Web.csproj", "{33DB48DA-D307-4F23-8C16-A94B4507CB7B}"
EndProject
Project("{9A19103F-16F7-4668-BE54-9A1E7A4F7556}") = "Bongo.Models.Tests", "Bongo.Models.Tests\Bongo.Models.Tests.csproj", "{79D82324-4F0A-47DF-B954-B30B9C9B8EAB}"
EndProject
Project("{9A19103F-16F7-4668-BE54-9A1E7A4F7556}") = "Bongo.DataAccess.Tests", "Bongo.DataAccess.Tests\Bongo.DataAccess.Tests.csproj", "{6C48A55C-ECDC-4BEF-BF33-F097359AF9B2}"
EndProject
Project("{2150E333-8FDC-42A3-9474-1A3956D46DE8}") = "source", "source", "{FB02D0E4-3F7C-421D-ADA6-DC033A2CA537}"
EndProject
Project("{2150E333-8FDC-42A3-9474-1A3956D46DE8}") = "tests", "tests", "{EE87F2A6-060A-469C-886A-97C2DB3FCAA7}"
EndProject
Project("{FAE04EC0-301F-11D3-BF4B-00C04F79EFBC}") = "Bongo.Core.Tests", "Bongo.Core.Tests\Bongo.Core.Tests.csproj", "{F6D8A3D3-EE74-4217-B7C7-0C414E4F87C1}"
EndProject
Global
	GlobalSection(SolutionConfigurationPlatforms) = preSolution
		Debug|Any CPU = Debug|Any CPU
		Release|Any CPU = Release|Any CPU
	EndGlobalSection
	GlobalSection(ProjectConfigurationPlatforms) = postSolution
		{1D9253DF-6611-4E43-87CD-4C83E0B64C59}.Debug|Any CPU.ActiveCfg = Debug|Any CPU
		{1D9253DF-6611-4E43-87CD-4C83E0B64C59}.Debug|Any CPU.Build.0 = Debug|Any CPU
		{1D9253DF-6611-4E43-87CD-4C83E0B64C59}.Release|Any CPU.ActiveCfg = Release|Any CPU
		{1D9253DF-6611-4E43-87CD-4C83E0B64C59}.Release|Any CPU.Build.0 = Release|Any CPU
		{6EF466EC-E014-44D9-B110-3903F25427DF}.Debug|Any CPU.ActiveCfg = Debug|Any CPU
		{6EF466EC-E014-44D9-B110-3903F25427DF}.Debug|Any CPU.Build.0 = Debug|Any CPU
		{6EF466EC-E014-44D9-B110-3903F25427DF}.Release|Any CPU.ActiveCfg = Release|Any CPU
		{6EF466EC-E014-44D9-B110-3903F25427DF}.Release|Any CPU.Build.0 = Release|Any CPU
		{EBF485DC-C522-422F-8A62-A2264001FA4E}.Debug|Any CPU.ActiveCfg = Debug|Any CPU
		{EBF485DC-C522-422F-8A62-A2264001FA4E}.Debug|Any CPU.Build.0 = Debug|Any CPU
		{EBF485DC-C522-422F-8A62-A2264001FA4E}.Release|Any CPU.ActiveCfg = Release|Any CPU
		{EBF485DC-C522-422F-8A62-A2264001FA4E}.Release|Any CPU.Build.0 = Release|Any CPU
		{3AF8E98D-802D-47B4-9077-CF563AF69149}.Debug|Any CPU.ActiveCfg = Debug|Any CPU
		{3AF8E98D-802D-47B4-9077-CF563AF69149}.Debug|Any CPU.Build.0 = Debug|Any CPU
		{3AF8E98D-802D-47B4-9077-CF563AF69149}.Release|Any CPU.ActiveCfg = Release|Any CPU
		{3AF8E98D-802D-47B4-9077-CF563AF69149}.Release|Any CPU.Build.0 = Release|Any CPU
		{AA33225D-3BF3-4884-B35F-F2BFE4EB53D4}.Debug|Any CPU.ActiveCfg = Debug|Any CPU
		{AA33225D-3BF3-4884-B35F-F2BFE4EB53D4}.Debug|Any CPU.Build.0 = Debug|Any CPU
		{AA33225D-3BF3-4884-B35F-F2BFE4EB53D4}.Release|Any CPU.ActiveCfg = Release|Any CPU
		{AA33225D-3BF3-4884-B35F-F2BFE4EB53D4}.Release|Any CPU.Build.0 = Release|Any CPU
		{9A8B00FB-53F4-436F-AC56-329F16E8299B}.Debug|Any CPU.ActiveCfg = Debug|Any CPU
		{9A8B00FB-53F4-436F-AC56-329F16E8299B}.Debug|Any CPU.Build.0 = Debug|Any CPU
		{9A8B00FB-53F4-436F-AC56-329F16E8299B}.Release|Any CPU.ActiveCfg = Release|Any CPU
		{9A8B00FB-53F4-436F-AC56-329F16E8299B}.Release|Any CPU.Build.0 = Release|Any CPU
		{33DB48DA-D307-4F23-8C16-A94B4507CB7B}.Debug|Any CPU.ActiveCfg = Debug|Any CPU
		{33DB48DA-D307-4F23-8C16-A94B4507CB7B}.Debug|Any CPU.Build.0 = Debug|Any CPU
		{33DB48DA-D307-4F23-8C16-A94B4507CB7B}.Release|Any CPU.ActiveCfg = Release|Any CPU
		{33DB48DA-D307-4F23-8C16-A94B4507CB7B}.Release|Any CPU.Build.0 = Release|Any CPU
		{79D82324-4F0A-47DF-B954-B30B9C9B8EAB}.Debug|Any CPU.ActiveCfg = Debug|Any CPU
		{79D82324-4F0A-47DF-B954-B30B9C9B8EAB}.Debug|Any CPU.Build.0 = Debug|Any CPU
		{79D82324-4F0A-47DF-B954-B30B9C9B8EAB}.Release|Any CPU.ActiveCfg = Release|Any CPU
		{79D82324-4F0A-47DF-B954-B30B9C9B8EAB}.Release|Any CPU.Build.0 = Release|Any CPU
		{6C48A55C-ECDC-4BEF-BF33-F097359AF9B2}.Debug|Any CPU.ActiveCfg = Debug|Any CPU
		{6C48A55C-ECDC-4BEF-BF33-F097359AF9B2}.Debug|Any CPU.Build.0 = Debug|Any CPU
		{6C48A55C-ECDC-4BEF-BF33-F097359AF9B2}.Release|Any CPU.ActiveCfg = Release|Any CPU
		{6C48A55C-ECDC-4BEF-BF33-F097359AF9B2}.Release|Any CPU.Build.0 = Release|Any CPU
		{F6D8A3D3-EE74-4217-B7C7-0C414E4F87C1}.Debug|Any CPU.ActiveCfg = Debug|Any CPU
		{F6D8A3D3-EE74-4217-B7C7-0C414E4F87C1}.Debug|Any CPU.Build.0 = Debug|Any CPU
		{F6D8A3D3-EE74-4217-B7C7-0C414E4F87C1}.Release|Any CPU.ActiveCfg = Release|Any CPU
		{F6D8A3D3-EE74-4217-B7C7-0C414E4F87C1}.Release|Any CPU.Build.0 = Release|Any CPU
	EndGlobalSection
	GlobalSection(SolutionProperties) = preSolution
		HideSolutionNode = FALSE
	EndGlobalSection
	GlobalSection(NestedProjects) = preSolution
		{1D9253DF-6611-4E43-87CD-4C83E0B64C59} = {FD23A065-E982-4020-BB02-14A7CF20B399}
		{6EF466EC-E014-44D9-B110-3903F25427DF} = {FD23A065-E982-4020-BB02-14A7CF20B399}
		{EBF485DC-C522-422F-8A62-A2264001FA4E} = {FD23A065-E982-4020-BB02-14A7CF20B399}
		{3AF8E98D-802D-47B4-9077-CF563AF69149} = {FB02D0E4-3F7C-421D-ADA6-DC033A2CA537}
		{AA33225D-3BF3-4884-B35F-F2BFE4EB53D4} = {FB02D0E4-3F7C-421D-ADA6-DC033A2CA537}
		{9A8B00FB-53F4-436F-AC56-329F16E8299B} = {FB02D0E4-3F7C-421D-ADA6-DC033A2CA537}
		{33DB48DA-D307-4F23-8C16-A94B4507CB7B} = {FB02D0E4-3F7C-421D-ADA6-DC033A2CA537}
		{79D82324-4F0A-47DF-B954-B30B9C9B8EAB} = {EE87F2A6-060A-469C-886A-97C2DB3FCAA7}
		{6C48A55C-ECDC-4BEF-BF33-F097359AF9B2} = {EE87F2A6-060A-469C-886A-97C2DB3FCAA7}
		{FB02D0E4-3F7C-421D-ADA6-DC033A2CA537} = {42DB5480-6B64-4F3B-96C3-095647F2A103}
		{EE87F2A6-060A-469C-886A-97C2DB3FCAA7} = {42DB5480-6B64-4F3B-96C3-095647F2A103}
		{F6D8A3D3-EE74-4217-B7C7-0C414E4F87C1} = {EE87F2A6-060A-469C-886A-97C2DB3FCAA7}
	EndGlobalSection
	GlobalSection(ExtensibilityGlobals) = postSolution
		SolutionGuid = {1AB4CB25-B062-471C-9E8D-6372F87CFA5F}
	EndGlobalSection
EndGlobal
