
Microsoft Visual Studio Solution File, Format Version 12.00
# Visual Studio Version 17
VisualStudioVersion = 17.0.31612.314
MinimumVisualStudioVersion = 10.0.40219.1
Project("{9A19103F-16F7-4668-BE54-9A1E7A4F7556}") = "iasMSTest", "iasMSTest\iasMSTest.csproj", "{1D9253DF-6611-4E43-87CD-4C83E0B64C59}"
EndProject
Project("{9A19103F-16F7-4668-BE54-9A1E7A4F7556}") = "iasNUnitTest", "iasNUnitTest\iasNUnitTest.csproj", "{6EF466EC-E014-44D9-B110-3903F25427DF}"
EndProject
Project("{FAE04EC0-301F-11D3-BF4B-00C04F79EFBC}") = "testCourse", "testCourse\testCourse.csproj", "{EBF485DC-C522-422F-8A62-A2264001FA4E}"
EndProject
Global
	GlobalSection(SolutionConfigurationPlatforms) = preSolution
		Debug|Any CPU = Debug|Any CPU
		Release|Any CPU = Release|Any CPU
	EndGlobalSection
	GlobalSection(ProjectConfigurationPlatforms) = postSolution
		{1D9253DF-6611-4E43-87CD-4C83E0B64C59}.Debug|Any CPU.ActiveCfg = Debug|Any CPU
		{1D9253DF-6611-4E43-87CD-4C83E0B64C59}.Debug|Any CPU.Build.0 = Debug|Any CPU
		{1D9253DF-6611-4E43-87CD-4C83E0B64C59}.Release|Any CPU.ActiveCfg = Release|Any CPU
		{1D9253DF-6611-4E43-87CD-4C83E0B64C59}.Release|Any CPU.Build.0 = Release|Any CPU
		{6EF466EC-E014-44D9-B110-3903F25427DF}.Debug|Any CPU.ActiveCfg = Debug|Any CPU
		{6EF466EC-E014-44D9-B110-3903F25427DF}.Debug|Any CPU.Build.0 = Debug|Any CPU
		{6EF466EC-E014-44D9-B110-3903F25427DF}.Release|Any CPU.ActiveCfg = Release|Any CPU
		{6EF466EC-E014-44D9-B110-3903F25427DF}.Release|Any CPU.Build.0 = Release|Any CPU
		{EBF485DC-C522-422F-8A62-A2264001FA4E}.Debug|Any CPU.ActiveCfg = Debug|Any CPU
		{EBF485DC-C522-422F-8A62-A2264001FA4E}.Debug|Any CPU.Build.0 = Debug|Any CPU
		{EBF485DC-C522-422F-8A62-A2264001FA4E}.Release|Any CPU.ActiveCfg = Release|Any CPU
		{EBF485DC-C522-422F-8A62-A2264001FA4E}.Release|Any CPU.Build.0 = Release|Any CPU
	EndGlobalSection
	GlobalSection(SolutionProperties) = preSolution
		HideSolutionNode = FALSE
	EndGlobalSection
	GlobalSection(ExtensibilityGlobals) = postSolution
		SolutionGuid = {1AB4CB25-B062-471C-9E8D-6372F87CFA5F}
	EndGlobalSection
EndGlobal
